Microsoft Visual Studio Solution File, Format Version 14.00
# Visual Studio 2015
Project("{FAE04EC0-301F-11D3-BF4B-00C04F79EFBC}") = "CustomizeRibbonTemplateExample.Module", "CustomizeRibbonTemplateExample.Module\CustomizeRibbonTemplateExample.Module.csproj", "{A2C7F49B-41DD-44B1-BE2C-A488218E744F}"
EndProject
Project("{FAE04EC0-301F-11D3-BF4B-00C04F79EFBC}") = "CustomizeRibbonTemplateExample.Module.Win", "CustomizeRibbonTemplateExample.Module.Win\CustomizeRibbonTemplateExample.Module.Win.csproj", "{B2ABA8FA-0443-4B7F-8EE5-314DC32BBD42}"
EndProject
Project("{FAE04EC0-301F-11D3-BF4B-00C04F79EFBC}") = "CustomizeRibbonTemplateExample.Win", "CustomizeRibbonTemplateExample.Win\CustomizeRibbonTemplateExample.Win.csproj", "{622B3161-E306-4B5F-9CE5-43687A921970}"
EndProject
Global
	GlobalSection(SolutionConfigurationPlatforms) = preSolution
		Debug|Any CPU = Debug|Any CPU
		EasyTest|Any CPU = EasyTest|Any CPU
		Release|Any CPU = Release|Any CPU
	EndGlobalSection
	GlobalSection(ProjectConfigurationPlatforms) = postSolution
		{A2C7F49B-41DD-44B1-BE2C-A488218E744F}.Debug|Any CPU.ActiveCfg = Debug|Any CPU
		{A2C7F49B-41DD-44B1-BE2C-A488218E744F}.Debug|Any CPU.Build.0 = Debug|Any CPU
		{A2C7F49B-41DD-44B1-BE2C-A488218E744F}.EasyTest|Any CPU.ActiveCfg = EasyTest|Any CPU
		{A2C7F49B-41DD-44B1-BE2C-A488218E744F}.EasyTest|Any CPU.Build.0 = EasyTest|Any CPU
		{A2C7F49B-41DD-44B1-BE2C-A488218E744F}.Release|Any CPU.ActiveCfg = Release|Any CPU
		{A2C7F49B-41DD-44B1-BE2C-A488218E744F}.Release|Any CPU.Build.0 = Release|Any CPU
		{B2ABA8FA-0443-4B7F-8EE5-314DC32BBD42}.Debug|Any CPU.ActiveCfg = Debug|Any CPU
		{B2ABA8FA-0443-4B7F-8EE5-314DC32BBD42}.Debug|Any CPU.Build.0 = Debug|Any CPU
		{B2ABA8FA-0443-4B7F-8EE5-314DC32BBD42}.EasyTest|Any CPU.ActiveCfg = EasyTest|Any CPU
		{B2ABA8FA-0443-4B7F-8EE5-314DC32BBD42}.EasyTest|Any CPU.Build.0 = EasyTest|Any CPU
		{B2ABA8FA-0443-4B7F-8EE5-314DC32BBD42}.Release|Any CPU.ActiveCfg = Release|Any CPU
		{B2ABA8FA-0443-4B7F-8EE5-314DC32BBD42}.Release|Any CPU.Build.0 = Release|Any CPU
		{622B3161-E306-4B5F-9CE5-43687A921970}.Debug|Any CPU.ActiveCfg = Debug|Any CPU
		{622B3161-E306-4B5F-9CE5-43687A921970}.Debug|Any CPU.Build.0 = Debug|Any CPU
		{622B3161-E306-4B5F-9CE5-43687A921970}.EasyTest|Any CPU.ActiveCfg = EasyTest|Any CPU
		{622B3161-E306-4B5F-9CE5-43687A921970}.EasyTest|Any CPU.Build.0 = EasyTest|Any CPU
		{622B3161-E306-4B5F-9CE5-43687A921970}.Release|Any CPU.ActiveCfg = Release|Any CPU
		{622B3161-E306-4B5F-9CE5-43687A921970}.Release|Any CPU.Build.0 = Release|Any CPU
	EndGlobalSection
	GlobalSection(SolutionProperties) = preSolution
		HideSolutionNode = FALSE
	EndGlobalSection
EndGlobal
